
Microsoft Visual Studio Solution File, Format Version 12.00
# Visual Studio Version 16
VisualStudioVersion = 16.0.31424.327
MinimumVisualStudioVersion = 10.0.40219.1
Project("{FAE04EC0-301F-11D3-BF4B-00C04F79EFBC}") = "API.Server", "API\Server\API.Server.csproj", "{ACC6606F-B14E-400B-AE14-29B0504C21D8}"
EndProject
Project("{FAE04EC0-301F-11D3-BF4B-00C04F79EFBC}") = "API.Client", "API\Client\API.Client.csproj", "{106A3251-143B-4ECC-8C1B-BDDBFE5B3F33}"
EndProject
Project("{FAE04EC0-301F-11D3-BF4B-00C04F79EFBC}") = "API.Shared", "API\Shared\API.Shared.csproj", "{A260338B-1CDA-40D6-ABCF-2BD88CF7162A}"
EndProject
Global
	GlobalSection(SolutionConfigurationPlatforms) = preSolution
		Debug|Any CPU = Debug|Any CPU
		Release|Any CPU = Release|Any CPU
	EndGlobalSection
	GlobalSection(ProjectConfigurationPlatforms) = postSolution
		{ACC6606F-B14E-400B-AE14-29B0504C21D8}.Debug|Any CPU.ActiveCfg = Debug|Any CPU
		{ACC6606F-B14E-400B-AE14-29B0504C21D8}.Debug|Any CPU.Build.0 = Debug|Any CPU
		{ACC6606F-B14E-400B-AE14-29B0504C21D8}.Release|Any CPU.ActiveCfg = Release|Any CPU
		{ACC6606F-B14E-400B-AE14-29B0504C21D8}.Release|Any CPU.Build.0 = Release|Any CPU
		{106A3251-143B-4ECC-8C1B-BDDBFE5B3F33}.Debug|Any CPU.ActiveCfg = Debug|Any CPU
		{106A3251-143B-4ECC-8C1B-BDDBFE5B3F33}.Debug|Any CPU.Build.0 = Debug|Any CPU
		{106A3251-143B-4ECC-8C1B-BDDBFE5B3F33}.Release|Any CPU.ActiveCfg = Release|Any CPU
		{106A3251-143B-4ECC-8C1B-BDDBFE5B3F33}.Release|Any CPU.Build.0 = Release|Any CPU
		{A260338B-1CDA-40D6-ABCF-2BD88CF7162A}.Debug|Any CPU.ActiveCfg = Debug|Any CPU
		{A260338B-1CDA-40D6-ABCF-2BD88CF7162A}.Debug|Any CPU.Build.0 = Debug|Any CPU
		{A260338B-1CDA-40D6-ABCF-2BD88CF7162A}.Release|Any CPU.ActiveCfg = Release|Any CPU
		{A260338B-1CDA-40D6-ABCF-2BD88CF7162A}.Release|Any CPU.Build.0 = Release|Any CPU
	EndGlobalSection
	GlobalSection(SolutionProperties) = preSolution
		HideSolutionNode = FALSE
	EndGlobalSection
	GlobalSection(ExtensibilityGlobals) = postSolution
		SolutionGuid = {7FA2D6B7-C2A5-4D41-BAE4-71F36E932656}
	EndGlobalSection
EndGlobal
